
Microsoft Visual Studio Solution File, Format Version 12.00
# Visual Studio 14
VisualStudioVersion = 14.0.25420.1
MinimumVisualStudioVersion = 10.0.40219.1
Project("{FAE04EC0-301F-11D3-BF4B-00C04F79EFBC}") = "OptionLibrary", "OptionLibrary\OptionLibrary.csproj", "{8BAF43E9-CB05-459E-B58C-48093388EA9D}"
EndProject
Project("{FAE04EC0-301F-11D3-BF4B-00C04F79EFBC}") = "OptionLibraryTests", "OptionLibraryTests\OptionLibraryTests.csproj", "{F70EDDCF-64A5-4146-ACE6-7AFA8C9BE502}"
EndProject
Global
	GlobalSection(SolutionConfigurationPlatforms) = preSolution
		Debug|Any CPU = Debug|Any CPU
		Release|Any CPU = Release|Any CPU
	EndGlobalSection
	GlobalSection(ProjectConfigurationPlatforms) = postSolution
		{8BAF43E9-CB05-459E-B58C-48093388EA9D}.Debug|Any CPU.ActiveCfg = Debug|Any CPU
		{8BAF43E9-CB05-459E-B58C-48093388EA9D}.Debug|Any CPU.Build.0 = Debug|Any CPU
		{8BAF43E9-CB05-459E-B58C-48093388EA9D}.Release|Any CPU.ActiveCfg = Release|Any CPU
		{8BAF43E9-CB05-459E-B58C-48093388EA9D}.Release|Any CPU.Build.0 = Release|Any CPU
		{F70EDDCF-64A5-4146-ACE6-7AFA8C9BE502}.Debug|Any CPU.ActiveCfg = Debug|Any CPU
		{F70EDDCF-64A5-4146-ACE6-7AFA8C9BE502}.Debug|Any CPU.Build.0 = Debug|Any CPU
		{F70EDDCF-64A5-4146-ACE6-7AFA8C9BE502}.Release|Any CPU.ActiveCfg = Release|Any CPU
		{F70EDDCF-64A5-4146-ACE6-7AFA8C9BE502}.Release|Any CPU.Build.0 = Release|Any CPU
	EndGlobalSection
	GlobalSection(SolutionProperties) = preSolution
		HideSolutionNode = FALSE
	EndGlobalSection
EndGlobal
