
Microsoft Visual Studio Solution File, Format Version 12.00
# Visual Studio 14
VisualStudioVersion = 14.0.25420.1
MinimumVisualStudioVersion = 10.0.40219.1
Project("{FAE04EC0-301F-11D3-BF4B-00C04F79EFBC}") = "MyNUnit", "MyNUnit\MyNUnit.csproj", "{0FD152FA-FC44-4DF1-915A-C51F2D3BF090}"
EndProject
Project("{FAE04EC0-301F-11D3-BF4B-00C04F79EFBC}") = "TestedAssembly", "TestedAssembly\TestedAssembly.csproj", "{0CB2D088-4CE1-4740-ADD9-7F3B94955AD8}"
EndProject
Project("{FAE04EC0-301F-11D3-BF4B-00C04F79EFBC}") = "MyNUnitFramework", "MyNUnitFramework\MyNUnitFramework.csproj", "{114166F7-F41F-44AA-A710-8942E568A391}"
EndProject
Global
	GlobalSection(SolutionConfigurationPlatforms) = preSolution
		Debug|Any CPU = Debug|Any CPU
		Release|Any CPU = Release|Any CPU
	EndGlobalSection
	GlobalSection(ProjectConfigurationPlatforms) = postSolution
		{0FD152FA-FC44-4DF1-915A-C51F2D3BF090}.Debug|Any CPU.ActiveCfg = Debug|Any CPU
		{0FD152FA-FC44-4DF1-915A-C51F2D3BF090}.Debug|Any CPU.Build.0 = Debug|Any CPU
		{0FD152FA-FC44-4DF1-915A-C51F2D3BF090}.Release|Any CPU.ActiveCfg = Release|Any CPU
		{0FD152FA-FC44-4DF1-915A-C51F2D3BF090}.Release|Any CPU.Build.0 = Release|Any CPU
		{0CB2D088-4CE1-4740-ADD9-7F3B94955AD8}.Debug|Any CPU.ActiveCfg = Debug|Any CPU
		{0CB2D088-4CE1-4740-ADD9-7F3B94955AD8}.Debug|Any CPU.Build.0 = Debug|Any CPU
		{0CB2D088-4CE1-4740-ADD9-7F3B94955AD8}.Release|Any CPU.ActiveCfg = Release|Any CPU
		{0CB2D088-4CE1-4740-ADD9-7F3B94955AD8}.Release|Any CPU.Build.0 = Release|Any CPU
		{114166F7-F41F-44AA-A710-8942E568A391}.Debug|Any CPU.ActiveCfg = Debug|Any CPU
		{114166F7-F41F-44AA-A710-8942E568A391}.Debug|Any CPU.Build.0 = Debug|Any CPU
		{114166F7-F41F-44AA-A710-8942E568A391}.Release|Any CPU.ActiveCfg = Release|Any CPU
		{114166F7-F41F-44AA-A710-8942E568A391}.Release|Any CPU.Build.0 = Release|Any CPU
	EndGlobalSection
	GlobalSection(SolutionProperties) = preSolution
		HideSolutionNode = FALSE
	EndGlobalSection
EndGlobal
